
Microsoft Visual Studio Solution File, Format Version 12.00
# Visual Studio 15
VisualStudioVersion = 15.0.26430.16
MinimumVisualStudioVersion = 10.0.40219.1
Project("{FAE04EC0-301F-11D3-BF4B-00C04F79EFBC}") = "IntegrationProject", "IntegrationProject\IntegrationProject.csproj", "{BF647457-EDA2-4BC5-B273-CEB565D2C91F}"
EndProject
Project("{FAE04EC0-301F-11D3-BF4B-00C04F79EFBC}") = "IntegrationProject.Tests", "IntegrationProject.Tests\IntegrationProject.Tests.csproj", "{65EEF65A-D4F0-4435-9AE5-6AFFFEE49823}"
EndProject
Global
	GlobalSection(SolutionConfigurationPlatforms) = preSolution
		Debug|Any CPU = Debug|Any CPU
		Release|Any CPU = Release|Any CPU
	EndGlobalSection
	GlobalSection(ProjectConfigurationPlatforms) = postSolution
		{BF647457-EDA2-4BC5-B273-CEB565D2C91F}.Debug|Any CPU.ActiveCfg = Debug|Any CPU
		{BF647457-EDA2-4BC5-B273-CEB565D2C91F}.Debug|Any CPU.Build.0 = Debug|Any CPU
		{BF647457-EDA2-4BC5-B273-CEB565D2C91F}.Release|Any CPU.ActiveCfg = Release|Any CPU
		{BF647457-EDA2-4BC5-B273-CEB565D2C91F}.Release|Any CPU.Build.0 = Release|Any CPU
		{65EEF65A-D4F0-4435-9AE5-6AFFFEE49823}.Debug|Any CPU.ActiveCfg = Debug|Any CPU
		{65EEF65A-D4F0-4435-9AE5-6AFFFEE49823}.Debug|Any CPU.Build.0 = Debug|Any CPU
		{65EEF65A-D4F0-4435-9AE5-6AFFFEE49823}.Release|Any CPU.ActiveCfg = Release|Any CPU
		{65EEF65A-D4F0-4435-9AE5-6AFFFEE49823}.Release|Any CPU.Build.0 = Release|Any CPU
	EndGlobalSection
	GlobalSection(SolutionProperties) = preSolution
		HideSolutionNode = FALSE
	EndGlobalSection
EndGlobal
